{
  "name": "cockpit-bpmn-js-module-bundled",
  "version": "0.0.1",
  "lockfileVersion": 2,
  "requires": true,
  "packages": {
    "": {
      "name": "cockpit-bpmn-js-module-bundled",
      "version": "0.0.1",
      "license": "Apache-2.0",
      "dependencies": {
        "@rollup/plugin-commonjs": "^22.0.2",
        "@rollup/plugin-node-resolve": "^14.1.0",
        "bpmn-js": "^10.0.0",
        "diagram-js": "^9.0.0",
        "rollup": "^2.79.1",
        "tiny-svg": "^3.0.0"
      }
    },
    "node_modules/@rollup/plugin-commonjs": {
      "version": "22.0.2",
      "resolved": "https://registry.npmjs.org/@rollup/plugin-commonjs/-/plugin-commonjs-22.0.2.tgz",
      "integrity": "sha512-//NdP6iIwPbMTcazYsiBMbJW7gfmpHom33u1beiIoHDEM0Q9clvtQB1T0efvMqHeKsGohiHo97BCPCkBXdscwg==",
      "dependencies": {
        "@rollup/pluginutils": "^3.1.0",
        "commondir": "^1.0.1",
        "estree-walker": "^2.0.1",
        "glob": "^7.1.6",
        "is-reference": "^1.2.1",
        "magic-string": "^0.25.7",
        "resolve": "^1.17.0"
      },
      "engines": {
        "node": ">= 12.0.0"
      },
      "peerDependencies": {
        "rollup": "^2.68.0"
      }
    },
    "node_modules/@rollup/plugin-node-resolve": {
      "version": "14.1.0",
      "resolved": "https://registry.npmjs.org/@rollup/plugin-node-resolve/-/plugin-node-resolve-14.1.0.tgz",
      "integrity": "sha512-5G2niJroNCz/1zqwXtk0t9+twOSDlG00k1Wfd7bkbbXmwg8H8dvgHdIWAun53Ps/rckfvOC7scDBjuGFg5OaWw==",
      "dependencies": {
        "@rollup/pluginutils": "^3.1.0",
        "@types/resolve": "1.17.1",
        "deepmerge": "^4.2.2",
        "is-builtin-module": "^3.1.0",
        "is-module": "^1.0.0",
        "resolve": "^1.19.0"
      },
      "engines": {
        "node": ">= 10.0.0"
      },
      "peerDependencies": {
        "rollup": "^2.78.0"
      }
    },
    "node_modules/@rollup/pluginutils": {
      "version": "3.1.0",
      "resolved": "https://registry.npmjs.org/@rollup/pluginutils/-/pluginutils-3.1.0.tgz",
      "integrity": "sha512-GksZ6pr6TpIjHm8h9lSQ8pi8BE9VeubNT0OMJ3B5uZJ8pz73NPiqOtCog/x2/QzM1ENChPKxMDhiQuRHsqc+lg==",
      "dependencies": {
        "@types/estree": "0.0.39",
        "estree-walker": "^1.0.1",
        "picomatch": "^2.2.2"
      },
      "engines": {
        "node": ">= 8.0.0"
      },
      "peerDependencies": {
        "rollup": "^1.20.0||^2.0.0"
      }
    },
    "node_modules/@rollup/pluginutils/node_modules/estree-walker": {
      "version": "1.0.1",
      "resolved": "https://registry.npmjs.org/estree-walker/-/estree-walker-1.0.1.tgz",
      "integrity": "sha512-1fMXF3YP4pZZVozF8j/ZLfvnR8NSIljt56UhbZ5PeeDmmGHpgpdwQt7ITlGvYaQukCvuBRMLEiKiYC+oeIg4cg=="
    },
    "node_modules/@types/estree": {
      "version": "0.0.39",
      "resolved": "https://registry.npmjs.org/@types/estree/-/estree-0.0.39.tgz",
      "integrity": "sha512-EYNwp3bU+98cpU4lAWYYL7Zz+2gryWH1qbdDTidVd6hkiR6weksdbMadyXKXNPEkQFhXM+hVO9ZygomHXp+AIw=="
    },
    "node_modules/@types/node": {
      "version": "18.7.23",
      "resolved": "https://registry.npmjs.org/@types/node/-/node-18.7.23.tgz",
      "integrity": "sha512-DWNcCHolDq0ZKGizjx2DZjR/PqsYwAcYUJmfMWqtVU2MBMG5Mo+xFZrhGId5r/O5HOuMPyQEcM6KUBp5lBZZBg=="
    },
    "node_modules/@types/resolve": {
      "version": "1.17.1",
      "resolved": "https://registry.npmjs.org/@types/resolve/-/resolve-1.17.1.tgz",
      "integrity": "sha512-yy7HuzQhj0dhGpD8RLXSZWEkLsV9ibvxvi6EiJ3bkqLAO1RGo0WbkWQiwpRlSFymTJRz0d3k5LM3kkx8ArDbLw==",
      "dependencies": {
        "@types/node": "*"
      }
    },
    "node_modules/balanced-match": {
      "version": "1.0.2",
      "resolved": "https://registry.npmjs.org/balanced-match/-/balanced-match-1.0.2.tgz",
      "integrity": "sha512-3oSeUO0TMV67hN1AmbXsK4yaqU7tjiHlbxRDZOpH0KW9+CeX4bRAaX0Anxt0tx2MrpRpWwQaPwIlISEJhYU5Pw=="
    },
    "node_modules/bpmn-js": {
      "version": "10.0.0",
      "resolved": "https://registry.npmjs.org/bpmn-js/-/bpmn-js-10.0.0.tgz",
      "integrity": "sha512-H+4cn3HzbVPBpwks22cuSw+k6I6wwPJOm9sRifwpzgAS3zuv0XeWM8a6PQpsxfkUvJ77N3fpgBKlBEvWkTL6fA==",
      "dependencies": {
        "bpmn-moddle": "^7.1.3",
        "css.escape": "^1.5.1",
        "diagram-js": "^8.9.0",
        "diagram-js-direct-editing": "^1.7.0",
        "ids": "^1.0.0",
        "inherits-browser": "0.0.1",
        "min-dash": "^3.5.2",
        "min-dom": "^3.2.1",
        "object-refs": "^0.3.0",
        "tiny-svg": "^2.2.4"
      }
    },
    "node_modules/bpmn-js/node_modules/diagram-js": {
      "version": "8.9.0",
      "resolved": "https://registry.npmjs.org/diagram-js/-/diagram-js-8.9.0.tgz",
      "integrity": "sha512-577bUEbkwZ7id4SCXcD2qrlKoRPXry2SDSPt5T6tEOjwKrTllKr5d1HZoJzGws4VMQq5fmY51Gce1iFT9S4Dlw==",
      "dependencies": {
        "css.escape": "^1.5.1",
        "didi": "^8.0.1",
        "hammerjs": "^2.0.1",
        "inherits-browser": "0.0.1",
        "min-dash": "^3.5.2",
        "min-dom": "^3.2.0",
        "object-refs": "^0.3.0",
        "path-intersection": "^2.2.1",
        "tiny-svg": "^2.2.2"
      }
    },
    "node_modules/bpmn-js/node_modules/diagram-js-direct-editing": {
      "version": "1.7.0",
      "resolved": "https://registry.npmjs.org/diagram-js-direct-editing/-/diagram-js-direct-editing-1.7.0.tgz",
      "integrity": "sha512-ZfTLF4hdWr7NSoruwxGvVmu7aVaUjWRXjwgK5dx58LbXAsNjBS3Ap7zjVuGxjWUpCZ/MMwyZ00lpTHPH2P7BFQ==",
      "dependencies": {
        "min-dash": "^3.5.2",
        "min-dom": "^3.1.3"
      },
      "peerDependencies": {
        "diagram-js": "^0.x || ^1.x || ^2.x || ^3.x || ^4.x || ^5.x || ^6.x || ^7.x || ^8.x"
      }
    },
    "node_modules/bpmn-js/node_modules/didi": {
      "version": "8.0.2",
      "resolved": "https://registry.npmjs.org/didi/-/didi-8.0.2.tgz",
      "integrity": "sha512-Wpq46GzfER5kVkqFCJtHTXsdlqh6SRPA60jTrKECQ1cl84/ALpQJrqAFlEXpue+Lxi7/6xzFIxC5V3UsS/x9aA=="
    },
    "node_modules/bpmn-js/node_modules/tiny-svg": {
      "version": "2.2.4",
      "resolved": "https://registry.npmjs.org/tiny-svg/-/tiny-svg-2.2.4.tgz",
      "integrity": "sha512-NOi39lBknf4UdDEahNkbEAJnzhu1ZcN2j75IS2vLRmIhsfxdZpTChfLKBcN1ShplVmPIXJAIafk6YY5/Aa80lQ=="
    },
    "node_modules/bpmn-moddle": {
      "version": "7.1.3",
      "resolved": "https://registry.npmjs.org/bpmn-moddle/-/bpmn-moddle-7.1.3.tgz",
      "integrity": "sha512-ZcBfw0NSOdYTSXFKEn7MOXHItz7VfLZTrFYKO8cK6V8ZzGjCcdiLIOiw7Lctw1PJsihhLiZQS8Htj2xKf+NwCg==",
      "dependencies": {
        "min-dash": "^3.5.2",
        "moddle": "^5.0.2",
        "moddle-xml": "^9.0.6"
      }
    },
    "node_modules/brace-expansion": {
      "version": "1.1.11",
      "resolved": "https://registry.npmjs.org/brace-expansion/-/brace-expansion-1.1.11.tgz",
      "integrity": "sha512-iCuPHDFgrHX7H2vEI/5xpz07zSHB00TpugqhmYtVmMO6518mCuRMoOYFldEBl0g187ufozdaHgWKcYFb61qGiA==",
      "dependencies": {
        "balanced-match": "^1.0.0",
        "concat-map": "0.0.1"
      }
    },
    "node_modules/builtin-modules": {
      "version": "3.3.0",
      "resolved": "https://registry.npmjs.org/builtin-modules/-/builtin-modules-3.3.0.tgz",
      "integrity": "sha512-zhaCDicdLuWN5UbN5IMnFqNMhNfo919sH85y2/ea+5Yg9TsTkeZxpL+JLbp6cgYFS4sRLp3YV4S6yDuqVWHYOw==",
      "engines": {
        "node": ">=6"
      },
      "funding": {
        "url": "https://github.com/sponsors/sindresorhus"
      }
    },
    "node_modules/commondir": {
      "version": "1.0.1",
      "resolved": "https://registry.npmjs.org/commondir/-/commondir-1.0.1.tgz",
      "integrity": "sha512-W9pAhw0ja1Edb5GVdIF1mjZw/ASI0AlShXM83UUGe2DVr5TdAPEA1OA8m/g8zWp9x6On7gqufY+FatDbC3MDQg=="
    },
    "node_modules/component-event": {
      "version": "0.1.4",
      "resolved": "https://registry.npmjs.org/component-event/-/component-event-0.1.4.tgz",
      "integrity": "sha512-GMwOG8MnUHP1l8DZx1ztFO0SJTFnIzZnBDkXAj8RM2ntV2A6ALlDxgbMY1Fvxlg6WPQ+5IM/a6vg4PEYbjg/Rw=="
    },
    "node_modules/concat-map": {
      "version": "0.0.1",
      "resolved": "https://registry.npmjs.org/concat-map/-/concat-map-0.0.1.tgz",
      "integrity": "sha512-/Srv4dswyQNBfohGpz9o6Yb3Gz3SrUDqBH5rTuhGR7ahtlbYKnVxw2bCFMRljaA7EXHaXZ8wsHdodFvbkhKmqg=="
    },
    "node_modules/css.escape": {
      "version": "1.5.1",
      "resolved": "https://registry.npmjs.org/css.escape/-/css.escape-1.5.1.tgz",
      "integrity": "sha512-YUifsXXuknHlUsmlgyY0PKzgPOr7/FjCePfHNt0jxm83wHZi44VDMQ7/fGNkjY3/jV1MC+1CmZbaHzugyeRtpg=="
    },
    "node_modules/deepmerge": {
      "version": "4.2.2",
      "resolved": "https://registry.npmjs.org/deepmerge/-/deepmerge-4.2.2.tgz",
      "integrity": "sha512-FJ3UgI4gIl+PHZm53knsuSFpE+nESMr7M4v9QcgB7S63Kj/6WqMiFQJpBBYz1Pt+66bZpP3Q7Lye0Oo9MPKEdg==",
      "engines": {
        "node": ">=0.10.0"
      }
    },
    "node_modules/diagram-js": {
      "version": "9.0.0",
      "resolved": "https://registry.npmjs.org/diagram-js/-/diagram-js-9.0.0.tgz",
      "integrity": "sha512-lZorI/9FlTqUf0l8xzjtd5xnIHkOcpZ/QJpjiuE4YPY05Ikp80O2W/GeS8utSfQkSbPrAjGd5LICpWYLF7adSg==",
      "dependencies": {
        "css.escape": "^1.5.1",
        "didi": "^9.0.0",
        "hammerjs": "^2.0.1",
        "inherits-browser": "0.0.1",
        "min-dash": "^3.5.2",
        "min-dom": "^3.2.0",
        "object-refs": "^0.3.0",
        "path-intersection": "^2.2.1",
        "tiny-svg": "^2.2.2"
      }
    },
    "node_modules/diagram-js/node_modules/tiny-svg": {
      "version": "2.2.4",
      "resolved": "https://registry.npmjs.org/tiny-svg/-/tiny-svg-2.2.4.tgz",
      "integrity": "sha512-NOi39lBknf4UdDEahNkbEAJnzhu1ZcN2j75IS2vLRmIhsfxdZpTChfLKBcN1ShplVmPIXJAIafk6YY5/Aa80lQ=="
    },
    "node_modules/didi": {
      "version": "9.0.0",
      "resolved": "https://registry.npmjs.org/didi/-/didi-9.0.0.tgz",
      "integrity": "sha512-bOZ7WAah3t8TxKV81pbIivHjWyABot49YXG1M3QztnUlZDHz3MRNJ1nZO87JbqrkqNI/2GR4ncHfXdGIP9LX+w=="
    },
    "node_modules/domify": {
      "version": "1.4.1",
      "resolved": "https://registry.npmjs.org/domify/-/domify-1.4.1.tgz",
      "integrity": "sha512-x18nuiDHMCZGXr4KJSRMf/TWYtiaRo6RX8KN9fEbW54mvbQ6pieUuerC2ahBg+kEp1wycFj8MPUI0WkIOw5E9w=="
    },
    "node_modules/estree-walker": {
      "version": "2.0.2",
      "resolved": "https://registry.npmjs.org/estree-walker/-/estree-walker-2.0.2.tgz",
      "integrity": "sha512-Rfkk/Mp/DL7JVje3u18FxFujQlTNR2q6QfMSMB7AvCBx91NGj/ba3kCfza0f6dVDbw7YlRf/nDrn7pQrCCyQ/w=="
    },
    "node_modules/fs.realpath": {
      "version": "1.0.0",
      "resolved": "https://registry.npmjs.org/fs.realpath/-/fs.realpath-1.0.0.tgz",
      "integrity": "sha512-OO0pH2lK6a0hZnAdau5ItzHPI6pUlvI7jMVnxUQRtw4owF2wk8lOSabtGDCTP4Ggrg2MbGnWO9X8K1t4+fGMDw=="
    },
    "node_modules/fsevents": {
      "version": "2.3.2",
      "resolved": "https://registry.npmjs.org/fsevents/-/fsevents-2.3.2.tgz",
      "integrity": "sha512-xiqMQR4xAeHTuB9uWm+fFRcIOgKBMiOBP+eXiyT7jsgVCq1bkVygt00oASowB7EdtpOHaaPgKt812P9ab+DDKA==",
      "hasInstallScript": true,
      "optional": true,
      "os": [
        "darwin"
      ],
      "engines": {
        "node": "^8.16.0 || ^10.6.0 || >=11.0.0"
      }
    },
    "node_modules/function-bind": {
      "version": "1.1.1",
      "resolved": "https://registry.npmjs.org/function-bind/-/function-bind-1.1.1.tgz",
      "integrity": "sha512-yIovAzMX49sF8Yl58fSCWJ5svSLuaibPxXQJFLmBObTuCr0Mf1KiPopGM9NiFjiYBCbfaa2Fh6breQ6ANVTI0A=="
    },
    "node_modules/glob": {
      "version": "7.2.3",
      "resolved": "https://registry.npmjs.org/glob/-/glob-7.2.3.tgz",
      "integrity": "sha512-nFR0zLpU2YCaRxwoCJvL6UvCH2JFyFVIvwTLsIf21AuHlMskA1hhTdk+LlYJtOlYt9v6dvszD2BGRqBL+iQK9Q==",
      "dependencies": {
        "fs.realpath": "^1.0.0",
        "inflight": "^1.0.4",
        "inherits": "2",
        "minimatch": "^3.1.1",
        "once": "^1.3.0",
        "path-is-absolute": "^1.0.0"
      },
      "engines": {
        "node": "*"
      },
      "funding": {
        "url": "https://github.com/sponsors/isaacs"
      }
    },
    "node_modules/hammerjs": {
      "version": "2.0.8",
      "resolved": "https://registry.npmjs.org/hammerjs/-/hammerjs-2.0.8.tgz",
      "integrity": "sha512-tSQXBXS/MWQOn/RKckawJ61vvsDpCom87JgxiYdGwHdOa0ht0vzUWDlfioofFCRU0L+6NGDt6XzbgoJvZkMeRQ==",
      "engines": {
        "node": ">=0.8.0"
      }
    },
    "node_modules/has": {
      "version": "1.0.3",
      "resolved": "https://registry.npmjs.org/has/-/has-1.0.3.tgz",
      "integrity": "sha512-f2dvO0VU6Oej7RkWJGrehjbzMAjFp5/VKPp5tTpWIV4JHHZK1/BxbFRtf/siA2SWTe09caDmVtYYzWEIbBS4zw==",
      "dependencies": {
        "function-bind": "^1.1.1"
      },
      "engines": {
        "node": ">= 0.4.0"
      }
    },
    "node_modules/ids": {
      "version": "1.0.0",
      "resolved": "https://registry.npmjs.org/ids/-/ids-1.0.0.tgz",
      "integrity": "sha512-Zvtq1xUto4LttpstyOlFum8lKx+i1OmRfg+6A9drFS9iSZsDPMHG4Sof/qwNR4kCU7jBeWFPrY2ocHxiz7cCRw=="
    },
    "node_modules/indexof": {
      "version": "0.0.1",
      "resolved": "https://registry.npmjs.org/indexof/-/indexof-0.0.1.tgz",
      "integrity": "sha512-i0G7hLJ1z0DE8dsqJa2rycj9dBmNKgXBvotXtZYXakU9oivfB9Uj2ZBC27qqef2U58/ZLwalxa1X/RDCdkHtVg=="
    },
    "node_modules/inflight": {
      "version": "1.0.6",
      "resolved": "https://registry.npmjs.org/inflight/-/inflight-1.0.6.tgz",
      "integrity": "sha512-k92I/b08q4wvFscXCLvqfsHCrjrF7yiXsQuIVvVE7N82W3+aqpzuUdBbfhWcy/FZR3/4IgflMgKLOsvPDrGCJA==",
      "dependencies": {
        "once": "^1.3.0",
        "wrappy": "1"
      }
    },
    "node_modules/inherits": {
      "version": "2.0.4",
      "resolved": "https://registry.npmjs.org/inherits/-/inherits-2.0.4.tgz",
      "integrity": "sha512-k/vGaX4/Yla3WzyMCvTQOXYeIHvqOKtnqBduzTHpzpQZzAskKMhZ2K+EnBiSM9zGSoIFeMpXKxa4dYeZIQqewQ=="
    },
    "node_modules/inherits-browser": {
      "version": "0.0.1",
      "resolved": "https://registry.npmjs.org/inherits-browser/-/inherits-browser-0.0.1.tgz",
      "integrity": "sha512-kaDA3DkCdCpvrKIo/1T/3yVn+qpFUHLjYtSHmTYewb+QfjfaQy6FGQ7LwBu7st0tG9UvYad/XAlqQmdIh6CICw=="
    },
    "node_modules/is-builtin-module": {
      "version": "3.2.0",
      "resolved": "https://registry.npmjs.org/is-builtin-module/-/is-builtin-module-3.2.0.tgz",
      "integrity": "sha512-phDA4oSGt7vl1n5tJvTWooWWAsXLY+2xCnxNqvKhGEzujg+A43wPlPOyDg3C8XQHN+6k/JTQWJ/j0dQh/qr+Hw==",
      "dependencies": {
        "builtin-modules": "^3.3.0"
      },
      "engines": {
        "node": ">=6"
      },
      "funding": {
        "url": "https://github.com/sponsors/sindresorhus"
      }
    },
    "node_modules/is-core-module": {
      "version": "2.10.0",
      "resolved": "https://registry.npmjs.org/is-core-module/-/is-core-module-2.10.0.tgz",
      "integrity": "sha512-Erxj2n/LDAZ7H8WNJXd9tw38GYM3dv8rk8Zcs+jJuxYTW7sozH+SS8NtrSjVL1/vpLvWi1hxy96IzjJ3EHTJJg==",
      "dependencies": {
        "has": "^1.0.3"
      },
      "funding": {
        "url": "https://github.com/sponsors/ljharb"
      }
    },
    "node_modules/is-module": {
      "version": "1.0.0",
      "resolved": "https://registry.npmjs.org/is-module/-/is-module-1.0.0.tgz",
      "integrity": "sha512-51ypPSPCoTEIN9dy5Oy+h4pShgJmPCygKfyRCISBI+JoWT/2oJvK8QPxmwv7b/p239jXrm9M1mlQbyKJ5A152g=="
    },
    "node_modules/is-reference": {
      "version": "1.2.1",
      "resolved": "https://registry.npmjs.org/is-reference/-/is-reference-1.2.1.tgz",
      "integrity": "sha512-U82MsXXiFIrjCK4otLT+o2NA2Cd2g5MLoOVXUZjIOhLurrRxpEXzI8O0KZHr3IjLvlAH1kTPYSuqer5T9ZVBKQ==",
      "dependencies": {
        "@types/estree": "*"
      }
    },
    "node_modules/magic-string": {
      "version": "0.25.9",
      "resolved": "https://registry.npmjs.org/magic-string/-/magic-string-0.25.9.tgz",
      "integrity": "sha512-RmF0AsMzgt25qzqqLc1+MbHmhdx0ojF2Fvs4XnOqz2ZOBXzzkEwc/dJQZCYHAn7v1jbVOjAZfK8msRn4BxO4VQ==",
      "dependencies": {
        "sourcemap-codec": "^1.4.8"
      }
    },
    "node_modules/matches-selector": {
      "version": "1.2.0",
      "resolved": "https://registry.npmjs.org/matches-selector/-/matches-selector-1.2.0.tgz",
      "integrity": "sha512-c4vLwYWyl+Ji+U43eU/G5FwxWd4ZH0ePUsFs5y0uwD9HUEFBXUQ1zUUan+78IpRD+y4pUfG0nAzNM292K7ItvA=="
    },
    "node_modules/min-dash": {
      "version": "3.8.1",
      "resolved": "https://registry.npmjs.org/min-dash/-/min-dash-3.8.1.tgz",
      "integrity": "sha512-evumdlmIlg9mbRVPbC4F5FuRhNmcMS5pvuBUbqb1G9v09Ro0ImPEgz5n3khir83lFok1inKqVDjnKEg3GpDxQg=="
    },
    "node_modules/min-dom": {
      "version": "3.2.1",
      "resolved": "https://registry.npmjs.org/min-dom/-/min-dom-3.2.1.tgz",
      "integrity": "sha512-v6YCmnDzxk4rRJntWTUiwggLupPw/8ZSRqUq0PDaBwVZEO/wYzCH4SKVBV+KkEvf3u0XaWHly5JEosPtqRATZA==",
      "dependencies": {
        "component-event": "^0.1.4",
        "domify": "^1.3.1",
        "indexof": "0.0.1",
        "matches-selector": "^1.2.0",
        "min-dash": "^3.8.1"
      }
    },
    "node_modules/minimatch": {
      "version": "3.1.2",
      "resolved": "https://registry.npmjs.org/minimatch/-/minimatch-3.1.2.tgz",
      "integrity": "sha512-J7p63hRiAjw1NDEww1W7i37+ByIrOWO5XQQAzZ3VOcL0PNybwpfmV/N05zFAzwQ9USyEcX6t3UO+K5aqBQOIHw==",
      "dependencies": {
        "brace-expansion": "^1.1.7"
      },
      "engines": {
        "node": "*"
      }
    },
    "node_modules/moddle": {
      "version": "5.0.4",
      "resolved": "https://registry.npmjs.org/moddle/-/moddle-5.0.4.tgz",
      "integrity": "sha512-Kjb+hjuzO+YlojNGxEUXvdhLYTHTtAABDlDcJTtTcn5MbJF9Zkv4I1Fyvp3Ypmfgg1EfHDZ3PsCQTuML9JD6wg==",
      "dependencies": {
        "min-dash": "^3.0.0"
      }
    },
    "node_modules/moddle-xml": {
      "version": "9.0.6",
      "resolved": "https://registry.npmjs.org/moddle-xml/-/moddle-xml-9.0.6.tgz",
      "integrity": "sha512-tl0reHpsY/aKlLGhXeFlQWlYAQHFxTkFqC8tq8jXRYpQSnLVw13T6swMaourLd7EXqHdWsc+5ggsB+fEep6xZQ==",
      "dependencies": {
        "min-dash": "^3.5.2",
        "moddle": "^5.0.2",
        "saxen": "^8.1.2"
      }
    },
    "node_modules/object-refs": {
      "version": "0.3.0",
      "resolved": "https://registry.npmjs.org/object-refs/-/object-refs-0.3.0.tgz",
      "integrity": "sha512-eP0ywuoWOaDoiake/6kTJlPJhs+k0qNm4nYRzXLNHj6vh+5M3i9R1epJTdxIPGlhWc4fNRQ7a6XJNCX+/L4FOQ=="
    },
    "node_modules/once": {
      "version": "1.4.0",
      "resolved": "https://registry.npmjs.org/once/-/once-1.4.0.tgz",
      "integrity": "sha512-lNaJgI+2Q5URQBkccEKHTQOPaXdUxnZZElQTZY0MFUAuaEqe1E+Nyvgdz/aIyNi6Z9MzO5dv1H8n58/GELp3+w==",
      "dependencies": {
        "wrappy": "1"
      }
    },
    "node_modules/path-intersection": {
      "version": "2.2.1",
      "resolved": "https://registry.npmjs.org/path-intersection/-/path-intersection-2.2.1.tgz",
      "integrity": "sha512-9u8xvMcSfuOiStv9bPdnRJQhGQXLKurew94n4GPQCdH1nj9QKC9ObbNoIpiRq8skiOBxKkt277PgOoFgAt3/rA=="
    },
    "node_modules/path-is-absolute": {
      "version": "1.0.1",
      "resolved": "https://registry.npmjs.org/path-is-absolute/-/path-is-absolute-1.0.1.tgz",
      "integrity": "sha512-AVbw3UJ2e9bq64vSaS9Am0fje1Pa8pbGqTTsmXfaIiMpnr5DlDhfJOuLj9Sf95ZPVDAUerDfEk88MPmPe7UCQg==",
      "engines": {
        "node": ">=0.10.0"
      }
    },
    "node_modules/path-parse": {
      "version": "1.0.7",
      "resolved": "https://registry.npmjs.org/path-parse/-/path-parse-1.0.7.tgz",
      "integrity": "sha512-LDJzPVEEEPR+y48z93A0Ed0yXb8pAByGWo/k5YYdYgpY2/2EsOsksJrq7lOHxryrVOn1ejG6oAp8ahvOIQD8sw=="
    },
    "node_modules/picomatch": {
      "version": "2.3.1",
      "resolved": "https://registry.npmjs.org/picomatch/-/picomatch-2.3.1.tgz",
      "integrity": "sha512-JU3teHTNjmE2VCGFzuY8EXzCDVwEqB2a8fsIvwaStHhAWJEeVd1o1QD80CU6+ZdEXXSLbSsuLwJjkCBWqRQUVA==",
      "engines": {
        "node": ">=8.6"
      },
      "funding": {
        "url": "https://github.com/sponsors/jonschlinkert"
      }
    },
    "node_modules/resolve": {
      "version": "1.22.1",
      "resolved": "https://registry.npmjs.org/resolve/-/resolve-1.22.1.tgz",
      "integrity": "sha512-nBpuuYuY5jFsli/JIs1oldw6fOQCBioohqWZg/2hiaOybXOft4lonv85uDOKXdf8rhyK159cxU5cDcK/NKk8zw==",
      "dependencies": {
        "is-core-module": "^2.9.0",
        "path-parse": "^1.0.7",
        "supports-preserve-symlinks-flag": "^1.0.0"
      },
      "bin": {
        "resolve": "bin/resolve"
      },
      "funding": {
        "url": "https://github.com/sponsors/ljharb"
      }
    },
    "node_modules/rollup": {
      "version": "2.79.1",
      "resolved": "https://registry.npmjs.org/rollup/-/rollup-2.79.1.tgz",
      "integrity": "sha512-uKxbd0IhMZOhjAiD5oAFp7BqvkA4Dv47qpOCtaNvng4HBwdbWtdOh8f5nZNuk2rp51PMGk3bzfWu5oayNEuYnw==",
      "bin": {
        "rollup": "dist/bin/rollup"
      },
      "engines": {
        "node": ">=10.0.0"
      },
      "optionalDependencies": {
        "fsevents": "~2.3.2"
      }
    },
    "node_modules/saxen": {
      "version": "8.1.2",
      "resolved": "https://registry.npmjs.org/saxen/-/saxen-8.1.2.tgz",
      "integrity": "sha512-xUOiiFbc3Ow7p8KMxwsGICPx46ZQvy3+qfNVhrkwfz3Vvq45eGt98Ft5IQaA1R/7Tb5B5MKh9fUR9x3c3nDTxw=="
    },
    "node_modules/sourcemap-codec": {
      "version": "1.4.8",
      "resolved": "https://registry.npmjs.org/sourcemap-codec/-/sourcemap-codec-1.4.8.tgz",
      "integrity": "sha512-9NykojV5Uih4lgo5So5dtw+f0JgJX30KCNI8gwhz2J9A15wD0Ml6tjHKwf6fTSa6fAdVBdZeNOs9eJ71qCk8vA=="
    },
    "node_modules/supports-preserve-symlinks-flag": {
      "version": "1.0.0",
      "resolved": "https://registry.npmjs.org/supports-preserve-symlinks-flag/-/supports-preserve-symlinks-flag-1.0.0.tgz",
      "integrity": "sha512-ot0WnXS9fgdkgIcePe6RHNk1WA8+muPa6cSjeR3V8K27q9BB1rTE3R1p7Hv0z1ZyAc8s6Vvv8DIyWf681MAt0w==",
      "engines": {
        "node": ">= 0.4"
      },
      "funding": {
        "url": "https://github.com/sponsors/ljharb"
      }
    },
    "node_modules/tiny-svg": {
      "version": "3.0.0",
      "resolved": "https://registry.npmjs.org/tiny-svg/-/tiny-svg-3.0.0.tgz",
      "integrity": "sha512-+u6VomQO7MbI7CQe5q1IwNePpbVKG/HVdUQBmaEpSCdP/QmeyjhrS6WKFsNetXlvf9LWu/f5woRqjMdxBMe/0w=="
    },
    "node_modules/wrappy": {
      "version": "1.0.2",
      "resolved": "https://registry.npmjs.org/wrappy/-/wrappy-1.0.2.tgz",
      "integrity": "sha512-l4Sp/DRseor9wL6EvV2+TuQn63dMkPjZ/sp9XkghTEbV9KlPS1xUsZ3u7/IQO4wxtcFB4bgpQPRcR3QCvezPcQ=="
    }
  },
  "dependencies": {
    "@rollup/plugin-commonjs": {
      "version": "22.0.2",
      "resolved": "https://registry.npmjs.org/@rollup/plugin-commonjs/-/plugin-commonjs-22.0.2.tgz",
      "integrity": "sha512-//NdP6iIwPbMTcazYsiBMbJW7gfmpHom33u1beiIoHDEM0Q9clvtQB1T0efvMqHeKsGohiHo97BCPCkBXdscwg==",
      "requires": {
        "@rollup/pluginutils": "^3.1.0",
        "commondir": "^1.0.1",
        "estree-walker": "^2.0.1",
        "glob": "^7.1.6",
        "is-reference": "^1.2.1",
        "magic-string": "^0.25.7",
        "resolve": "^1.17.0"
      }
    },
    "@rollup/plugin-node-resolve": {
      "version": "14.1.0",
      "resolved": "https://registry.npmjs.org/@rollup/plugin-node-resolve/-/plugin-node-resolve-14.1.0.tgz",
      "integrity": "sha512-5G2niJroNCz/1zqwXtk0t9+twOSDlG00k1Wfd7bkbbXmwg8H8dvgHdIWAun53Ps/rckfvOC7scDBjuGFg5OaWw==",
      "requires": {
        "@rollup/pluginutils": "^3.1.0",
        "@types/resolve": "1.17.1",
        "deepmerge": "^4.2.2",
        "is-builtin-module": "^3.1.0",
        "is-module": "^1.0.0",
        "resolve": "^1.19.0"
      }
    },
    "@rollup/pluginutils": {
      "version": "3.1.0",
      "resolved": "https://registry.npmjs.org/@rollup/pluginutils/-/pluginutils-3.1.0.tgz",
      "integrity": "sha512-GksZ6pr6TpIjHm8h9lSQ8pi8BE9VeubNT0OMJ3B5uZJ8pz73NPiqOtCog/x2/QzM1ENChPKxMDhiQuRHsqc+lg==",
      "requires": {
        "@types/estree": "0.0.39",
        "estree-walker": "^1.0.1",
        "picomatch": "^2.2.2"
      },
      "dependencies": {
        "estree-walker": {
          "version": "1.0.1",
          "resolved": "https://registry.npmjs.org/estree-walker/-/estree-walker-1.0.1.tgz",
          "integrity": "sha512-1fMXF3YP4pZZVozF8j/ZLfvnR8NSIljt56UhbZ5PeeDmmGHpgpdwQt7ITlGvYaQukCvuBRMLEiKiYC+oeIg4cg=="
        }
      }
    },
    "@types/estree": {
      "version": "0.0.39",
      "resolved": "https://registry.npmjs.org/@types/estree/-/estree-0.0.39.tgz",
      "integrity": "sha512-EYNwp3bU+98cpU4lAWYYL7Zz+2gryWH1qbdDTidVd6hkiR6weksdbMadyXKXNPEkQFhXM+hVO9ZygomHXp+AIw=="
    },
    "@types/node": {
      "version": "18.7.23",
      "resolved": "https://registry.npmjs.org/@types/node/-/node-18.7.23.tgz",
      "integrity": "sha512-DWNcCHolDq0ZKGizjx2DZjR/PqsYwAcYUJmfMWqtVU2MBMG5Mo+xFZrhGId5r/O5HOuMPyQEcM6KUBp5lBZZBg=="
    },
    "@types/resolve": {
      "version": "1.17.1",
      "resolved": "https://registry.npmjs.org/@types/resolve/-/resolve-1.17.1.tgz",
      "integrity": "sha512-yy7HuzQhj0dhGpD8RLXSZWEkLsV9ibvxvi6EiJ3bkqLAO1RGo0WbkWQiwpRlSFymTJRz0d3k5LM3kkx8ArDbLw==",
      "requires": {
        "@types/node": "*"
      }
    },
    "balanced-match": {
      "version": "1.0.2",
      "resolved": "https://registry.npmjs.org/balanced-match/-/balanced-match-1.0.2.tgz",
      "integrity": "sha512-3oSeUO0TMV67hN1AmbXsK4yaqU7tjiHlbxRDZOpH0KW9+CeX4bRAaX0Anxt0tx2MrpRpWwQaPwIlISEJhYU5Pw=="
    },
    "bpmn-js": {
      "version": "10.0.0",
      "resolved": "https://registry.npmjs.org/bpmn-js/-/bpmn-js-10.0.0.tgz",
      "integrity": "sha512-H+4cn3HzbVPBpwks22cuSw+k6I6wwPJOm9sRifwpzgAS3zuv0XeWM8a6PQpsxfkUvJ77N3fpgBKlBEvWkTL6fA==",
      "requires": {
        "bpmn-moddle": "^7.1.3",
        "css.escape": "^1.5.1",
        "diagram-js": "^8.9.0",
        "diagram-js-direct-editing": "^1.7.0",
        "ids": "^1.0.0",
        "inherits-browser": "0.0.1",
        "min-dash": "^3.5.2",
        "min-dom": "^3.2.1",
        "object-refs": "^0.3.0",
        "tiny-svg": "^2.2.4"
      },
      "dependencies": {
        "diagram-js": {
          "version": "8.9.0",
          "resolved": "https://registry.npmjs.org/diagram-js/-/diagram-js-8.9.0.tgz",
          "integrity": "sha512-577bUEbkwZ7id4SCXcD2qrlKoRPXry2SDSPt5T6tEOjwKrTllKr5d1HZoJzGws4VMQq5fmY51Gce1iFT9S4Dlw==",
          "requires": {
            "css.escape": "^1.5.1",
            "didi": "^8.0.1",
            "hammerjs": "^2.0.1",
            "inherits-browser": "0.0.1",
            "min-dash": "^3.5.2",
            "min-dom": "^3.2.0",
            "object-refs": "^0.3.0",
            "path-intersection": "^2.2.1",
            "tiny-svg": "^2.2.2"
          }
        },
        "diagram-js-direct-editing": {
          "version": "1.7.0",
          "resolved": "https://registry.npmjs.org/diagram-js-direct-editing/-/diagram-js-direct-editing-1.7.0.tgz",
          "integrity": "sha512-ZfTLF4hdWr7NSoruwxGvVmu7aVaUjWRXjwgK5dx58LbXAsNjBS3Ap7zjVuGxjWUpCZ/MMwyZ00lpTHPH2P7BFQ==",
          "requires": {
            "min-dash": "^3.5.2",
            "min-dom": "^3.1.3"
          }
        },
        "didi": {
          "version": "8.0.2",
          "resolved": "https://registry.npmjs.org/didi/-/didi-8.0.2.tgz",
          "integrity": "sha512-Wpq46GzfER5kVkqFCJtHTXsdlqh6SRPA60jTrKECQ1cl84/ALpQJrqAFlEXpue+Lxi7/6xzFIxC5V3UsS/x9aA=="
        },
        "tiny-svg": {
          "version": "2.2.4",
          "resolved": "https://registry.npmjs.org/tiny-svg/-/tiny-svg-2.2.4.tgz",
          "integrity": "sha512-NOi39lBknf4UdDEahNkbEAJnzhu1ZcN2j75IS2vLRmIhsfxdZpTChfLKBcN1ShplVmPIXJAIafk6YY5/Aa80lQ=="
        }
      }
    },
    "bpmn-moddle": {
      "version": "7.1.3",
      "resolved": "https://registry.npmjs.org/bpmn-moddle/-/bpmn-moddle-7.1.3.tgz",
      "integrity": "sha512-ZcBfw0NSOdYTSXFKEn7MOXHItz7VfLZTrFYKO8cK6V8ZzGjCcdiLIOiw7Lctw1PJsihhLiZQS8Htj2xKf+NwCg==",
      "requires": {
        "min-dash": "^3.5.2",
        "moddle": "^5.0.2",
        "moddle-xml": "^9.0.6"
      }
    },
    "brace-expansion": {
      "version": "1.1.11",
      "resolved": "https://registry.npmjs.org/brace-expansion/-/brace-expansion-1.1.11.tgz",
      "integrity": "sha512-iCuPHDFgrHX7H2vEI/5xpz07zSHB00TpugqhmYtVmMO6518mCuRMoOYFldEBl0g187ufozdaHgWKcYFb61qGiA==",
      "requires": {
        "balanced-match": "^1.0.0",
        "concat-map": "0.0.1"
      }
    },
    "builtin-modules": {
      "version": "3.3.0",
      "resolved": "https://registry.npmjs.org/builtin-modules/-/builtin-modules-3.3.0.tgz",
      "integrity": "sha512-zhaCDicdLuWN5UbN5IMnFqNMhNfo919sH85y2/ea+5Yg9TsTkeZxpL+JLbp6cgYFS4sRLp3YV4S6yDuqVWHYOw=="
    },
    "commondir": {
      "version": "1.0.1",
      "resolved": "https://registry.npmjs.org/commondir/-/commondir-1.0.1.tgz",
      "integrity": "sha512-W9pAhw0ja1Edb5GVdIF1mjZw/ASI0AlShXM83UUGe2DVr5TdAPEA1OA8m/g8zWp9x6On7gqufY+FatDbC3MDQg=="
    },
    "component-event": {
      "version": "0.1.4",
      "resolved": "https://registry.npmjs.org/component-event/-/component-event-0.1.4.tgz",
      "integrity": "sha512-GMwOG8MnUHP1l8DZx1ztFO0SJTFnIzZnBDkXAj8RM2ntV2A6ALlDxgbMY1Fvxlg6WPQ+5IM/a6vg4PEYbjg/Rw=="
    },
    "concat-map": {
      "version": "0.0.1",
      "resolved": "https://registry.npmjs.org/concat-map/-/concat-map-0.0.1.tgz",
      "integrity": "sha512-/Srv4dswyQNBfohGpz9o6Yb3Gz3SrUDqBH5rTuhGR7ahtlbYKnVxw2bCFMRljaA7EXHaXZ8wsHdodFvbkhKmqg=="
    },
    "css.escape": {
      "version": "1.5.1",
      "resolved": "https://registry.npmjs.org/css.escape/-/css.escape-1.5.1.tgz",
      "integrity": "sha512-YUifsXXuknHlUsmlgyY0PKzgPOr7/FjCePfHNt0jxm83wHZi44VDMQ7/fGNkjY3/jV1MC+1CmZbaHzugyeRtpg=="
    },
    "deepmerge": {
      "version": "4.2.2",
      "resolved": "https://registry.npmjs.org/deepmerge/-/deepmerge-4.2.2.tgz",
      "integrity": "sha512-FJ3UgI4gIl+PHZm53knsuSFpE+nESMr7M4v9QcgB7S63Kj/6WqMiFQJpBBYz1Pt+66bZpP3Q7Lye0Oo9MPKEdg=="
    },
    "diagram-js": {
      "version": "9.0.0",
      "resolved": "https://registry.npmjs.org/diagram-js/-/diagram-js-9.0.0.tgz",
      "integrity": "sha512-lZorI/9FlTqUf0l8xzjtd5xnIHkOcpZ/QJpjiuE4YPY05Ikp80O2W/GeS8utSfQkSbPrAjGd5LICpWYLF7adSg==",
      "requires": {
        "css.escape": "^1.5.1",
        "didi": "^9.0.0",
        "hammerjs": "^2.0.1",
        "inherits-browser": "0.0.1",
        "min-dash": "^3.5.2",
        "min-dom": "^3.2.0",
        "object-refs": "^0.3.0",
        "path-intersection": "^2.2.1",
        "tiny-svg": "^2.2.2"
      },
      "dependencies": {
        "tiny-svg": {
          "version": "2.2.4",
          "resolved": "https://registry.npmjs.org/tiny-svg/-/tiny-svg-2.2.4.tgz",
          "integrity": "sha512-NOi39lBknf4UdDEahNkbEAJnzhu1ZcN2j75IS2vLRmIhsfxdZpTChfLKBcN1ShplVmPIXJAIafk6YY5/Aa80lQ=="
        }
      }
    },
    "didi": {
      "version": "9.0.0",
      "resolved": "https://registry.npmjs.org/didi/-/didi-9.0.0.tgz",
      "integrity": "sha512-bOZ7WAah3t8TxKV81pbIivHjWyABot49YXG1M3QztnUlZDHz3MRNJ1nZO87JbqrkqNI/2GR4ncHfXdGIP9LX+w=="
    },
    "domify": {
      "version": "1.4.1",
      "resolved": "https://registry.npmjs.org/domify/-/domify-1.4.1.tgz",
      "integrity": "sha512-x18nuiDHMCZGXr4KJSRMf/TWYtiaRo6RX8KN9fEbW54mvbQ6pieUuerC2ahBg+kEp1wycFj8MPUI0WkIOw5E9w=="
    },
    "estree-walker": {
      "version": "2.0.2",
      "resolved": "https://registry.npmjs.org/estree-walker/-/estree-walker-2.0.2.tgz",
      "integrity": "sha512-Rfkk/Mp/DL7JVje3u18FxFujQlTNR2q6QfMSMB7AvCBx91NGj/ba3kCfza0f6dVDbw7YlRf/nDrn7pQrCCyQ/w=="
    },
    "fs.realpath": {
      "version": "1.0.0",
      "resolved": "https://registry.npmjs.org/fs.realpath/-/fs.realpath-1.0.0.tgz",
      "integrity": "sha512-OO0pH2lK6a0hZnAdau5ItzHPI6pUlvI7jMVnxUQRtw4owF2wk8lOSabtGDCTP4Ggrg2MbGnWO9X8K1t4+fGMDw=="
    },
    "fsevents": {
      "version": "2.3.2",
      "resolved": "https://registry.npmjs.org/fsevents/-/fsevents-2.3.2.tgz",
      "integrity": "sha512-xiqMQR4xAeHTuB9uWm+fFRcIOgKBMiOBP+eXiyT7jsgVCq1bkVygt00oASowB7EdtpOHaaPgKt812P9ab+DDKA==",
      "optional": true
    },
    "function-bind": {
      "version": "1.1.1",
      "resolved": "https://registry.npmjs.org/function-bind/-/function-bind-1.1.1.tgz",
      "integrity": "sha512-yIovAzMX49sF8Yl58fSCWJ5svSLuaibPxXQJFLmBObTuCr0Mf1KiPopGM9NiFjiYBCbfaa2Fh6breQ6ANVTI0A=="
    },
    "glob": {
      "version": "7.2.3",
      "resolved": "https://registry.npmjs.org/glob/-/glob-7.2.3.tgz",
      "integrity": "sha512-nFR0zLpU2YCaRxwoCJvL6UvCH2JFyFVIvwTLsIf21AuHlMskA1hhTdk+LlYJtOlYt9v6dvszD2BGRqBL+iQK9Q==",
      "requires": {
        "fs.realpath": "^1.0.0",
        "inflight": "^1.0.4",
        "inherits": "2",
        "minimatch": "^3.1.1",
        "once": "^1.3.0",
        "path-is-absolute": "^1.0.0"
      }
    },
    "hammerjs": {
      "version": "2.0.8",
      "resolved": "https://registry.npmjs.org/hammerjs/-/hammerjs-2.0.8.tgz",
      "integrity": "sha512-tSQXBXS/MWQOn/RKckawJ61vvsDpCom87JgxiYdGwHdOa0ht0vzUWDlfioofFCRU0L+6NGDt6XzbgoJvZkMeRQ=="
    },
    "has": {
      "version": "1.0.3",
      "resolved": "https://registry.npmjs.org/has/-/has-1.0.3.tgz",
      "integrity": "sha512-f2dvO0VU6Oej7RkWJGrehjbzMAjFp5/VKPp5tTpWIV4JHHZK1/BxbFRtf/siA2SWTe09caDmVtYYzWEIbBS4zw==",
      "requires": {
        "function-bind": "^1.1.1"
      }
    },
    "ids": {
      "version": "1.0.0",
      "resolved": "https://registry.npmjs.org/ids/-/ids-1.0.0.tgz",
      "integrity": "sha512-Zvtq1xUto4LttpstyOlFum8lKx+i1OmRfg+6A9drFS9iSZsDPMHG4Sof/qwNR4kCU7jBeWFPrY2ocHxiz7cCRw=="
    },
    "indexof": {
      "version": "0.0.1",
      "resolved": "https://registry.npmjs.org/indexof/-/indexof-0.0.1.tgz",
      "integrity": "sha512-i0G7hLJ1z0DE8dsqJa2rycj9dBmNKgXBvotXtZYXakU9oivfB9Uj2ZBC27qqef2U58/ZLwalxa1X/RDCdkHtVg=="
    },
    "inflight": {
      "version": "1.0.6",
      "resolved": "https://registry.npmjs.org/inflight/-/inflight-1.0.6.tgz",
      "integrity": "sha512-k92I/b08q4wvFscXCLvqfsHCrjrF7yiXsQuIVvVE7N82W3+aqpzuUdBbfhWcy/FZR3/4IgflMgKLOsvPDrGCJA==",
      "requires": {
        "once": "^1.3.0",
        "wrappy": "1"
      }
    },
    "inherits": {
      "version": "2.0.4",
      "resolved": "https://registry.npmjs.org/inherits/-/inherits-2.0.4.tgz",
      "integrity": "sha512-k/vGaX4/Yla3WzyMCvTQOXYeIHvqOKtnqBduzTHpzpQZzAskKMhZ2K+EnBiSM9zGSoIFeMpXKxa4dYeZIQqewQ=="
    },
    "inherits-browser": {
      "version": "0.0.1",
      "resolved": "https://registry.npmjs.org/inherits-browser/-/inherits-browser-0.0.1.tgz",
      "integrity": "sha512-kaDA3DkCdCpvrKIo/1T/3yVn+qpFUHLjYtSHmTYewb+QfjfaQy6FGQ7LwBu7st0tG9UvYad/XAlqQmdIh6CICw=="
    },
    "is-builtin-module": {
      "version": "3.2.0",
      "resolved": "https://registry.npmjs.org/is-builtin-module/-/is-builtin-module-3.2.0.tgz",
      "integrity": "sha512-phDA4oSGt7vl1n5tJvTWooWWAsXLY+2xCnxNqvKhGEzujg+A43wPlPOyDg3C8XQHN+6k/JTQWJ/j0dQh/qr+Hw==",
      "requires": {
        "builtin-modules": "^3.3.0"
      }
    },
    "is-core-module": {
      "version": "2.10.0",
      "resolved": "https://registry.npmjs.org/is-core-module/-/is-core-module-2.10.0.tgz",
      "integrity": "sha512-Erxj2n/LDAZ7H8WNJXd9tw38GYM3dv8rk8Zcs+jJuxYTW7sozH+SS8NtrSjVL1/vpLvWi1hxy96IzjJ3EHTJJg==",
      "requires": {
        "has": "^1.0.3"
      }
    },
    "is-module": {
      "version": "1.0.0",
      "resolved": "https://registry.npmjs.org/is-module/-/is-module-1.0.0.tgz",
      "integrity": "sha512-51ypPSPCoTEIN9dy5Oy+h4pShgJmPCygKfyRCISBI+JoWT/2oJvK8QPxmwv7b/p239jXrm9M1mlQbyKJ5A152g=="
    },
    "is-reference": {
      "version": "1.2.1",
      "resolved": "https://registry.npmjs.org/is-reference/-/is-reference-1.2.1.tgz",
      "integrity": "sha512-U82MsXXiFIrjCK4otLT+o2NA2Cd2g5MLoOVXUZjIOhLurrRxpEXzI8O0KZHr3IjLvlAH1kTPYSuqer5T9ZVBKQ==",
      "requires": {
        "@types/estree": "*"
      }
    },
    "magic-string": {
      "version": "0.25.9",
      "resolved": "https://registry.npmjs.org/magic-string/-/magic-string-0.25.9.tgz",
      "integrity": "sha512-RmF0AsMzgt25qzqqLc1+MbHmhdx0ojF2Fvs4XnOqz2ZOBXzzkEwc/dJQZCYHAn7v1jbVOjAZfK8msRn4BxO4VQ==",
      "requires": {
        "sourcemap-codec": "^1.4.8"
      }
    },
    "matches-selector": {
      "version": "1.2.0",
      "resolved": "https://registry.npmjs.org/matches-selector/-/matches-selector-1.2.0.tgz",
      "integrity": "sha512-c4vLwYWyl+Ji+U43eU/G5FwxWd4ZH0ePUsFs5y0uwD9HUEFBXUQ1zUUan+78IpRD+y4pUfG0nAzNM292K7ItvA=="
    },
    "min-dash": {
      "version": "3.8.1",
      "resolved": "https://registry.npmjs.org/min-dash/-/min-dash-3.8.1.tgz",
      "integrity": "sha512-evumdlmIlg9mbRVPbC4F5FuRhNmcMS5pvuBUbqb1G9v09Ro0ImPEgz5n3khir83lFok1inKqVDjnKEg3GpDxQg=="
    },
    "min-dom": {
      "version": "3.2.1",
      "resolved": "https://registry.npmjs.org/min-dom/-/min-dom-3.2.1.tgz",
      "integrity": "sha512-v6YCmnDzxk4rRJntWTUiwggLupPw/8ZSRqUq0PDaBwVZEO/wYzCH4SKVBV+KkEvf3u0XaWHly5JEosPtqRATZA==",
      "requires": {
        "component-event": "^0.1.4",
        "domify": "^1.3.1",
        "indexof": "0.0.1",
        "matches-selector": "^1.2.0",
        "min-dash": "^3.8.1"
      }
    },
    "minimatch": {
      "version": "3.1.2",
      "resolved": "https://registry.npmjs.org/minimatch/-/minimatch-3.1.2.tgz",
      "integrity": "sha512-J7p63hRiAjw1NDEww1W7i37+ByIrOWO5XQQAzZ3VOcL0PNybwpfmV/N05zFAzwQ9USyEcX6t3UO+K5aqBQOIHw==",
      "requires": {
        "brace-expansion": "^1.1.7"
      }
    },
    "moddle": {
      "version": "5.0.4",
      "resolved": "https://registry.npmjs.org/moddle/-/moddle-5.0.4.tgz",
      "integrity": "sha512-Kjb+hjuzO+YlojNGxEUXvdhLYTHTtAABDlDcJTtTcn5MbJF9Zkv4I1Fyvp3Ypmfgg1EfHDZ3PsCQTuML9JD6wg==",
      "requires": {
        "min-dash": "^3.0.0"
      }
    },
    "moddle-xml": {
      "version": "9.0.6",
      "resolved": "https://registry.npmjs.org/moddle-xml/-/moddle-xml-9.0.6.tgz",
      "integrity": "sha512-tl0reHpsY/aKlLGhXeFlQWlYAQHFxTkFqC8tq8jXRYpQSnLVw13T6swMaourLd7EXqHdWsc+5ggsB+fEep6xZQ==",
      "requires": {
        "min-dash": "^3.5.2",
        "moddle": "^5.0.2",
        "saxen": "^8.1.2"
      }
    },
    "object-refs": {
      "version": "0.3.0",
      "resolved": "https://registry.npmjs.org/object-refs/-/object-refs-0.3.0.tgz",
      "integrity": "sha512-eP0ywuoWOaDoiake/6kTJlPJhs+k0qNm4nYRzXLNHj6vh+5M3i9R1epJTdxIPGlhWc4fNRQ7a6XJNCX+/L4FOQ=="
    },
    "once": {
      "version": "1.4.0",
      "resolved": "https://registry.npmjs.org/once/-/once-1.4.0.tgz",
      "integrity": "sha512-lNaJgI+2Q5URQBkccEKHTQOPaXdUxnZZElQTZY0MFUAuaEqe1E+Nyvgdz/aIyNi6Z9MzO5dv1H8n58/GELp3+w==",
      "requires": {
        "wrappy": "1"
      }
    },
    "path-intersection": {
      "version": "2.2.1",
      "resolved": "https://registry.npmjs.org/path-intersection/-/path-intersection-2.2.1.tgz",
      "integrity": "sha512-9u8xvMcSfuOiStv9bPdnRJQhGQXLKurew94n4GPQCdH1nj9QKC9ObbNoIpiRq8skiOBxKkt277PgOoFgAt3/rA=="
    },
    "path-is-absolute": {
      "version": "1.0.1",
      "resolved": "https://registry.npmjs.org/path-is-absolute/-/path-is-absolute-1.0.1.tgz",
      "integrity": "sha512-AVbw3UJ2e9bq64vSaS9Am0fje1Pa8pbGqTTsmXfaIiMpnr5DlDhfJOuLj9Sf95ZPVDAUerDfEk88MPmPe7UCQg=="
    },
    "path-parse": {
      "version": "1.0.7",
      "resolved": "https://registry.npmjs.org/path-parse/-/path-parse-1.0.7.tgz",
      "integrity": "sha512-LDJzPVEEEPR+y48z93A0Ed0yXb8pAByGWo/k5YYdYgpY2/2EsOsksJrq7lOHxryrVOn1ejG6oAp8ahvOIQD8sw=="
    },
    "picomatch": {
      "version": "2.3.1",
      "resolved": "https://registry.npmjs.org/picomatch/-/picomatch-2.3.1.tgz",
      "integrity": "sha512-JU3teHTNjmE2VCGFzuY8EXzCDVwEqB2a8fsIvwaStHhAWJEeVd1o1QD80CU6+ZdEXXSLbSsuLwJjkCBWqRQUVA=="
    },
    "resolve": {
      "version": "1.22.1",
      "resolved": "https://registry.npmjs.org/resolve/-/resolve-1.22.1.tgz",
      "integrity": "sha512-nBpuuYuY5jFsli/JIs1oldw6fOQCBioohqWZg/2hiaOybXOft4lonv85uDOKXdf8rhyK159cxU5cDcK/NKk8zw==",
      "requires": {
        "is-core-module": "^2.9.0",
        "path-parse": "^1.0.7",
        "supports-preserve-symlinks-flag": "^1.0.0"
      }
    },
    "rollup": {
      "version": "2.79.1",
      "resolved": "https://registry.npmjs.org/rollup/-/rollup-2.79.1.tgz",
      "integrity": "sha512-uKxbd0IhMZOhjAiD5oAFp7BqvkA4Dv47qpOCtaNvng4HBwdbWtdOh8f5nZNuk2rp51PMGk3bzfWu5oayNEuYnw==",
      "requires": {
        "fsevents": "~2.3.2"
      }
    },
    "saxen": {
      "version": "8.1.2",
      "resolved": "https://registry.npmjs.org/saxen/-/saxen-8.1.2.tgz",
      "integrity": "sha512-xUOiiFbc3Ow7p8KMxwsGICPx46ZQvy3+qfNVhrkwfz3Vvq45eGt98Ft5IQaA1R/7Tb5B5MKh9fUR9x3c3nDTxw=="
    },
    "sourcemap-codec": {
      "version": "1.4.8",
      "resolved": "https://registry.npmjs.org/sourcemap-codec/-/sourcemap-codec-1.4.8.tgz",
      "integrity": "sha512-9NykojV5Uih4lgo5So5dtw+f0JgJX30KCNI8gwhz2J9A15wD0Ml6tjHKwf6fTSa6fAdVBdZeNOs9eJ71qCk8vA=="
    },
    "supports-preserve-symlinks-flag": {
      "version": "1.0.0",
      "resolved": "https://registry.npmjs.org/supports-preserve-symlinks-flag/-/supports-preserve-symlinks-flag-1.0.0.tgz",
      "integrity": "sha512-ot0WnXS9fgdkgIcePe6RHNk1WA8+muPa6cSjeR3V8K27q9BB1rTE3R1p7Hv0z1ZyAc8s6Vvv8DIyWf681MAt0w=="
    },
    "tiny-svg": {
      "version": "3.0.0",
      "resolved": "https://registry.npmjs.org/tiny-svg/-/tiny-svg-3.0.0.tgz",
      "integrity": "sha512-+u6VomQO7MbI7CQe5q1IwNePpbVKG/HVdUQBmaEpSCdP/QmeyjhrS6WKFsNetXlvf9LWu/f5woRqjMdxBMe/0w=="
    },
    "wrappy": {
      "version": "1.0.2",
      "resolved": "https://registry.npmjs.org/wrappy/-/wrappy-1.0.2.tgz",
      "integrity": "sha512-l4Sp/DRseor9wL6EvV2+TuQn63dMkPjZ/sp9XkghTEbV9KlPS1xUsZ3u7/IQO4wxtcFB4bgpQPRcR3QCvezPcQ=="
    }
  }
}
